
Microsoft Visual Studio Solution File, Format Version 12.00
# Visual Studio Version 17
VisualStudioVersion = 17.14.36127.28 d17.14
MinimumVisualStudioVersion = 10.0.40219.1
Project("{FAE04EC0-301F-11D3-BF4B-00C04F79EFBC}") = "App", "App\App.csproj", "{BAB33356-AF61-42DE-B10E-EEB18A0D1ADB}"
EndProject
Global
	GlobalSection(SolutionConfigurationPlatforms) = preSolution
		Debug|Any CPU = Debug|Any CPU
		Release|Any CPU = Release|Any CPU
	EndGlobalSection
	GlobalSection(ProjectConfigurationPlatforms) = postSolution
		{BAB33356-AF61-42DE-B10E-EEB18A0D1ADB}.Debug|Any CPU.ActiveCfg = Debug|Any CPU
		{BAB33356-AF61-42DE-B10E-EEB18A0D1ADB}.Debug|Any CPU.Build.0 = Debug|Any CPU
		{BAB33356-AF61-42DE-B10E-EEB18A0D1ADB}.Release|Any CPU.ActiveCfg = Release|Any CPU
		{BAB33356-AF61-42DE-B10E-EEB18A0D1ADB}.Release|Any CPU.Build.0 = Release|Any CPU
	EndGlobalSection
	GlobalSection(SolutionProperties) = preSolution
		HideSolutionNode = FALSE
	EndGlobalSection
	GlobalSection(ExtensibilityGlobals) = postSolution
		SolutionGuid = {74DC429B-9310-41CB-8845-EAAA25ECDE88}
	EndGlobalSection
EndGlobal
